{
  "originHash" : "55711e35d0a4e4a64d1557b8f467996b8c6b3ff47da1e45ebd601fcf5415e33b",
  "pins" : [
    {
      "identity" : "codeeditorview",
      "kind" : "remoteSourceControl",
      "location" : "https://github.com/mchakravarty/CodeEditorView",
      "state" : {
        "revision" : "13ecb15e9017a025e340359dadacf471913e91b1",
        "version" : "0.13.0"
      }
    },
    {
      "identity" : "down",
      "kind" : "remoteSourceControl",
      "location" : "https://github.com/johnxnguyen/Down.git",
      "state" : {
        "revision" : "f34b166be1f1db4aa8f573067e901d72f2a6be57",
        "version" : "0.11.0"
      }
    },
    {
      "identity" : "rearrange",
      "kind" : "remoteSourceControl",
      "location" : "https://github.com/ChimeHQ/Rearrange.git",
      "state" : {
        "revision" : "5ff7f3363f7a08f77e0d761e38e6add31c2136e1",
        "version" : "1.8.1"
      }
    },
    {
      "identity" : "swiftdown",
      "kind" : "remoteSourceControl",
      "location" : "https://github.com/qeude/SwiftDown.git",
      "state" : {
        "revision" : "3a988bfa50ffbc55ee312749c326f8791d7f87ad",
        "version" : "0.4.1"
      }
    }
  ],
  "version" : 3
}
